
Microsoft Visual Studio Solution File, Format Version 12.00
# Visual Studio Version 17
VisualStudioVersion = 17.0.31903.59
MinimumVisualStudioVersion = 10.0.40219.1
Project("{2150E333-8FDC-42A3-9474-1A3956D46DE8}") = "src", "src", "{8CD31AB6-69C8-4EA9-A66E-3A2CD220E717}"
EndProject
Project("{FAE04EC0-301F-11D3-BF4B-00C04F79EFBC}") = "TaskManager.Domain", "src\TaskManager.Domain\TaskManager.Domain.csproj", "{639E8B17-B849-4EA8-ADFB-FF92DCE287B5}"
EndProject
Project("{FAE04EC0-301F-11D3-BF4B-00C04F79EFBC}") = "TaskManager.Application", "src\TaskManager.Application\TaskManager.Application.csproj", "{D95441C1-468D-45C5-9005-41013F4BB79C}"
EndProject
Project("{FAE04EC0-301F-11D3-BF4B-00C04F79EFBC}") = "TaskManager.Infrastructure", "src\TaskManager.Infrastructure\TaskManager.Infrastructure.csproj", "{B29BF21B-AB32-40DB-A9DA-B052109EB38B}"
EndProject
Project("{FAE04EC0-301F-11D3-BF4B-00C04F79EFBC}") = "TaskManager.API", "src\TaskManager.API\TaskManager.API.csproj", "{53C319DB-0EBE-40E3-8236-494DD08A75C1}"
EndProject
Global
	GlobalSection(SolutionConfigurationPlatforms) = preSolution
		Debug|Any CPU = Debug|Any CPU
		Release|Any CPU = Release|Any CPU
	EndGlobalSection
	GlobalSection(SolutionProperties) = preSolution
		HideSolutionNode = FALSE
	EndGlobalSection
	GlobalSection(ProjectConfigurationPlatforms) = postSolution
		{639E8B17-B849-4EA8-ADFB-FF92DCE287B5}.Debug|Any CPU.ActiveCfg = Debug|Any CPU
		{639E8B17-B849-4EA8-ADFB-FF92DCE287B5}.Debug|Any CPU.Build.0 = Debug|Any CPU
		{639E8B17-B849-4EA8-ADFB-FF92DCE287B5}.Release|Any CPU.ActiveCfg = Release|Any CPU
		{639E8B17-B849-4EA8-ADFB-FF92DCE287B5}.Release|Any CPU.Build.0 = Release|Any CPU
		{D95441C1-468D-45C5-9005-41013F4BB79C}.Debug|Any CPU.ActiveCfg = Debug|Any CPU
		{D95441C1-468D-45C5-9005-41013F4BB79C}.Debug|Any CPU.Build.0 = Debug|Any CPU
		{D95441C1-468D-45C5-9005-41013F4BB79C}.Release|Any CPU.ActiveCfg = Release|Any CPU
		{D95441C1-468D-45C5-9005-41013F4BB79C}.Release|Any CPU.Build.0 = Release|Any CPU
		{B29BF21B-AB32-40DB-A9DA-B052109EB38B}.Debug|Any CPU.ActiveCfg = Debug|Any CPU
		{B29BF21B-AB32-40DB-A9DA-B052109EB38B}.Debug|Any CPU.Build.0 = Debug|Any CPU
		{B29BF21B-AB32-40DB-A9DA-B052109EB38B}.Release|Any CPU.ActiveCfg = Release|Any CPU
		{B29BF21B-AB32-40DB-A9DA-B052109EB38B}.Release|Any CPU.Build.0 = Release|Any CPU
		{53C319DB-0EBE-40E3-8236-494DD08A75C1}.Debug|Any CPU.ActiveCfg = Debug|Any CPU
		{53C319DB-0EBE-40E3-8236-494DD08A75C1}.Debug|Any CPU.Build.0 = Debug|Any CPU
		{53C319DB-0EBE-40E3-8236-494DD08A75C1}.Release|Any CPU.ActiveCfg = Release|Any CPU
		{53C319DB-0EBE-40E3-8236-494DD08A75C1}.Release|Any CPU.Build.0 = Release|Any CPU
	EndGlobalSection
	GlobalSection(NestedProjects) = preSolution
		{639E8B17-B849-4EA8-ADFB-FF92DCE287B5} = {8CD31AB6-69C8-4EA9-A66E-3A2CD220E717}
		{D95441C1-468D-45C5-9005-41013F4BB79C} = {8CD31AB6-69C8-4EA9-A66E-3A2CD220E717}
		{B29BF21B-AB32-40DB-A9DA-B052109EB38B} = {8CD31AB6-69C8-4EA9-A66E-3A2CD220E717}
		{53C319DB-0EBE-40E3-8236-494DD08A75C1} = {8CD31AB6-69C8-4EA9-A66E-3A2CD220E717}
	EndGlobalSection
EndGlobal
